
Microsoft Visual Studio Solution File, Format Version 12.00
# Visual Studio Version 17
VisualStudioVersion = 17.4.33103.184
MinimumVisualStudioVersion = 10.0.40219.1
Project("{FAE04EC0-301F-11D3-BF4B-00C04F79EFBC}") = "SENAI_Backend_Challenge", "SENAI_Backend_Challenge\SENAI_Backend_Challenge.csproj", "{6437ADBC-E237-46E2-8813-3C9C5C2F82E3}"
EndProject
Global
	GlobalSection(SolutionConfigurationPlatforms) = preSolution
		Debug|Any CPU = Debug|Any CPU
		Release|Any CPU = Release|Any CPU
	EndGlobalSection
	GlobalSection(ProjectConfigurationPlatforms) = postSolution
		{6437ADBC-E237-46E2-8813-3C9C5C2F82E3}.Debug|Any CPU.ActiveCfg = Debug|Any CPU
		{6437ADBC-E237-46E2-8813-3C9C5C2F82E3}.Debug|Any CPU.Build.0 = Debug|Any CPU
		{6437ADBC-E237-46E2-8813-3C9C5C2F82E3}.Release|Any CPU.ActiveCfg = Release|Any CPU
		{6437ADBC-E237-46E2-8813-3C9C5C2F82E3}.Release|Any CPU.Build.0 = Release|Any CPU
	EndGlobalSection
	GlobalSection(SolutionProperties) = preSolution
		HideSolutionNode = FALSE
	EndGlobalSection
	GlobalSection(ExtensibilityGlobals) = postSolution
		SolutionGuid = {8FE81305-4501-441B-8BC3-CBC89AC96142}
	EndGlobalSection
EndGlobal
